{
  "name": "luna-bistro-react",
  "version": "1.0.0",
  "lockfileVersion": 3,
  "requires": true,
  "packages": {
    "": {
      "name": "luna-bistro-react",
      "version": "1.0.0",
      "dependencies": {
        "motion": "^11.11.17",
        "react": "^18.3.1",
        "react-dom": "^18.3.1"
      },
      "devDependencies": {
        "@vitejs/plugin-react": "^4.3.1",
        "gh-pages": "^6.1.1",
        "vite": "^5.4.2"
      }
    },
    "node_modules/@ampproject/remapping": {
      "version": "2.3.0",
      "resolved": "https://registry.npmjs.org/@ampproject/remapping/-/remapping-2.3.0.tgz",
      "integrity": "sha512-30iZtAPgz+LTIYoeivqYo823VbfyB6su/53SwaZXOFijTVZj2geHryBLZ62CIGednbbe62dgSeODksT5TQrgSSg==",
      "license": "Apache-2.0"
    },
    "node_modules/@babel/code-frame": {
      "version": "7.26.2",
      "resolved": "https://registry.npmjs.org/@babel/code-frame/-/code-frame-7.26.2.tgz",
      "integrity": "sha512-RJlIHRueQgwP4AMCea/3yAXFSCHGYMpd68MJIcZsA9QA9dwv/hYorCe4HjGQWAw4iNAMXidgHE7hfyJSXZujZA==",
      "license": "MIT"
    },
    "node_modules/@babel/core": {
      "version": "7.26.9",
      "resolved": "https://registry.npmjs.org/@babel/core/-/core-7.26.9.tgz",
      "integrity": "sha512-vEt2XMUGWwLqJOoTxejL1yJ7hAXQPlALgVfAzXf1KYyg6wvYw2690abm69zp81MQUb83XC15QUWbPkVXxkUkwQ==",
      "license": "MIT"
    },
    "node_modules/@babel/generator": {
      "version": "7.26.9",
      "resolved": "https://registry.npmjs.org/@babel/generator/-/generator-7.26.9.tgz",
      "integrity": "sha512-kEWdzNdapUYPgr5O4EKAvh/mAQkVM88EZbOgAw81AMPJG6sNxucuCwYwmyN0eUVVwpB+KWZDLwuiDAfW9VJvXA==",
      "license": "MIT"
    },
    "node_modules/@babel/helper-compilation-targets": {
      "version": "7.26.5",
      "resolved": "https://registry.npmjs.org/@babel/helper-compilation-targets/-/helper-compilation-targets-7.26.5.tgz",
      "integrity": "sha512-IXuyn5EkouFJscIDuFF5EsiSolseme1s0CZB+QxVugqJLYmKdxI1VfIBOst0SUu4rnF2ZWEYABgf69vc8FEmsA==",
      "license": "MIT"
    },
    "node_modules/@babel/helper-module-transforms": {
      "version": "7.26.0",
      "resolved": "https://registry.npmjs.org/@babel/helper-module-transforms/-/helper-module-transforms-7.26.0.tgz",
      "integrity": "sha512-xO+xu6B5K2czEnQye6BHA7DolFFmS3LB7stHZFaSyyVOuiLFDwlnsUzpDB85TXbiGeb922mYRlCnm13mA1vomQ==",
      "license": "MIT"
    },
    "node_modules/@babel/helper-plugin-utils": {
      "version": "7.26.5",
      "resolved": "https://registry.npmjs.org/@babel/helper-plugin-utils/-/helper-plugin-utils-7.26.5.tgz",
      "integrity": "sha512-RSWpDXZYviwu0nFGOmBmgppWVKjB2WAYqEqp5zpM1XdNuhF5lHBzp045rCH8WpK9erfL09RJNo+whvhtDI35yg==",
      "license": "MIT"
    },
    "node_modules/@babel/helper-string-parser": {
      "version": "7.25.9",
      "resolved": "https://registry.npmjs.org/@babel/helper-string-parser/-/helper-string-parser-7.25.9.tgz",
      "integrity": "sha512-4A/SC0zpE2yJN5DMs52528PrEdGd1MewOJ+gXRYC2Ld+/6dD05V2N82J22h2f62FddSddp97B9uaeedfca+A shadow=="
    },
    "node_modules/@babel/helper-validator-identifier": {
      "version": "7.25.9",
      "resolved": "https://registry.npmjs.org/@babel/helper-validator-identifier/-/helper-validator-identifier-7.25.9.tgz",
      "integrity": "sha512-Ed61U6XJc3CVRfkERhnP0LoqkGgevf5FTf7yB6Z053uxi97zGPNGuu8vEZAiW7tqDBQF07A5LJGX8KfYlightg=="
    },
    "node_modules/@babel/helper-validator-option": {
      "version": "7.25.9",
      "resolved": "https://registry.npmjs.org/@babel/helper-validator-option/-/helper-validator-option-7.25.9.tgz",
      "integrity": "sha512-eHMYvU95FZPfgqJDfqFgzg422zlfcfwg54ecFOXDn24o48V/ece28ZfdN0yDppPRz/0C852XCfEP48w20S1jg=="
    },
    "node_modules/@babel/helpers": {
      "version": "7.26.9",
      "resolved": "https://registry.npmjs.org/@babel/helpers/-/helpers-7.26.9.tgz",
      "integrity": "sha512-ocTFikIa standards=="
    },
    "node_modules/@babel/parser": {
      "version": "7.26.9",
      "resolved": "https://registry.npmjs.org/@babel/parser/-/parser-7.26.9.tgz",
      "integrity": "sha512-LBV4yz4bLn6ZnHZoMB8fi1b6v0TeeM7a3x2b2yY1nflp64iH5uM87a71gKvg+iNf0WvG3c7oGvH2K5d19Hw==",
      "license": "MIT",
      "bin": {
        "parser": "bin/babel-parser.js"
      },
      "engines": {
        "node": ">=6.0.0"
      }
    },
    "node_modules/@babel/template": {
      "version": "7.26.9",
      "resolved": "https://registry.npmjs.org/@babel/template/-/template-7.26.9.tgz",
      "integrity": "sha512-qyRplbeIpNZhmzOzsJ/2288JM68PRJ60m3PEdYxW1E229e+E1E6gZ+1+1+E5A/s8e267b140x51E2000==",
      "license": "MIT"
    },
    "node_modules/@babel/traverse": {
      "version": "7.26.9",
      "resolved": "https://registry.npmjs.org/@babel/traverse/-/traverse-7.26.9.tgz",
      "integrity": "sha512-v25FU84igcM42457k4p871sN9f4vW1o7e7t624g81s3v1s6G281e2n890123567==",
      "license": "MIT"
    },
    "node_modules/@babel/types": {
      "version": "7.26.9",
      "resolved": "https://registry.npmjs.org/@babel/types/-/types-7.26.9.tgz",
      "integrity": "sha512-Y39NhHAGVj4t5a7304192000=="
    },
    "node_modules/@esbuild/win32-x64": {
      "version": "0.21.5",
      "resolved": "https://registry.npmjs.org/@esbuild/win32-x64/-/win32-x64-0.21.5.tgz",
      "integrity": "sha512-tOZXf3QPlGYzRxTO5mblyVwQA4nILtuf28h38BapzkWX2KH09Kh57yNdf466w7qVbL0f3+8N5z5g38==",
      "cpu": [
        "x64"
      ],
      "optional": true,
      "os": [
        "win32"
      ],
      "engines": {
        "node": ">=12"
      }
    },
    "node_modules/@rollup/rollup-win32-x64-msvc": {
      "version": "4.21.2",
      "resolved": "https://registry.npmjs.org/@rollup/rollup-win32-x64-msvc/-/rollup-win32-x64-msvc-4.21.2.tgz",
      "integrity": "sha512-f2oskWZAKrDlybjF28E4VwS8M2xT1J8t833h26262==",
      "cpu": [
        "x64"
      ],
      "optional": true,
      "os": [
        "win32"
      ]
    },
    "node_modules/@types/babel__core": {
      "version": "7.20.5",
      "resolved": "https://registry.npmjs.org/@types/babel__core/-/babel__core-7.20.5.tgz",
      "integrity": "sha512-Wv6WOC5aM7E7e9545455==",
      "dev": true
    },
    "node_modules/@types/estree": {
      "version": "1.0.6",
      "resolved": "https://registry.npmjs.org/@types/estree/-/estree-1.0.6.tgz",
      "integrity": "sha512-AYnb1nQyYSiRhSNErBLS24hXEiyKW75858==",
      "dev": true
    },
    "node_modules/@vitejs/plugin-react": {
      "version": "4.3.1",
      "resolved": "https://registry.npmjs.org/@vitejs/plugin-react/-/plugin-react-4.3.1.tgz",
      "integrity": "sha512-n4URFWiXi42MhncEtIDuRKkb1PlWWDC8FZ155ZzsFjN5j6i75g9jMba41aM+3802345000==",
      "dev": true,
      "engines": {
        "node": "^14.18.0 || >=16.0.0"
      },
      "peerDependencies": {
        "vite": "^4.2.0 || ^5.0.0"
      }
    },
    "node_modules/async": {
      "version": "3.2.6",
      "resolved": "https://registry.npmjs.org/async/-/async-3.2.6.tgz",
      "integrity": "sha512-htCUDlft58Ks5tW2p1b255=="
    },
    "node_modules/commander": {
      "version": "11.1.0",
      "resolved": "https://registry.npmjs.org/commander/-/commander-11.1.0.tgz",
      "integrity": "sha512-yviWhvRLsA5123456789==",
      "dev": true,
      "engines": {
        "node": ">=16"
      }
    },
    "node_modules/esbuild": {
      "version": "0.21.5",
      "resolved": "https://registry.npmjs.org/esbuild/-/esbuild-0.21.5.tgz",
      "integrity": "sha512-mgwbJhhJ8LTZ7ac353535==",
      "dev": true,
      "hasBin": true,
      "engines": {
        "node": ">=12"
      }
    },
    "node_modules/framer-motion": {
      "version": "11.11.17",
      "resolved": "https://registry.npmjs.org/framer-motion/-/framer-motion-11.11.17.tgz",
      "integrity": "sha512-32123456789==",
      "peerDependencies": {
        "react": "^18.0.0 || ^19.0.0",
        "react-dom": "^18.0.0 || ^19.0.0"
      }
    },
    "node_modules/gh-pages": {
      "version": "6.1.1",
      "resolved": "https://registry.npmjs.org/gh-pages/-/gh-pages-6.1.1.tgz",
      "integrity": "sha512-32123456789==",
      "dev": true,
      "hasBin": true,
      "engines": {
        "node": ">=14"
      }
    },
    "node_modules/js-tokens": {
      "version": "4.0.0",
      "resolved": "https://registry.npmjs.org/js-tokens/-/js-tokens-4.0.0.tgz",
      "integrity": "sha512-RdJUflcE3CUzPsoNxrCZrFQZ509o45="
    },
    "node_modules/loose-envify": {
      "version": "1.4.0",
      "resolved": "https://registry.npmjs.org/loose-envify/-/loose-envify-1.4.0.tgz",
      "integrity": "sha512-lyuxPGr/Wfhrlem2CL/UcnUc1z03333==",
      "dependencies": {
        "js-tokens": "^3.0.0 || ^4.0.0"
      },
      "bin": {
        "loose-envify": "cli.js"
      }
    },
    "node_modules/motion": {
      "version": "11.11.17",
      "resolved": "https://registry.npmjs.org/motion/-/motion-11.11.17.tgz",
      "integrity": "sha512-32123456789==",
      "dependencies": {
        "framer-motion": "^11.11.17"
      },
      "peerDependencies": {
        "react": "^18.0.0 || ^19.0.0",
        "react-dom": "^18.0.0 || ^19.0.0"
      }
    },
    "node_modules/react": {
      "version": "18.3.1",
      "resolved": "https://registry.npmjs.org/react/-/react-18.3.1.tgz",
      "integrity": "sha512-aL5UXSZ565656==",
      "dependencies": {
        "loose-envify": "^1.1.0"
      },
      "engines": {
        "node": ">=0.10.0"
      }
    },
    "node_modules/react-dom": {
      "version": "18.3.1",
      "resolved": "https://registry.npmjs.org/react-dom/-/react-dom-18.3.1.tgz",
      "integrity": "sha512-aL5UXSZ565656==",
      "dependencies": {
        "loose-envify": "^1.1.0",
        "scheduler": "^0.23.2"
      },
      "peerDependencies": {
        "react": "^18.3.1"
      }
    },
    "node_modules/rollup": {
      "version": "4.21.2",
      "resolved": "https://registry.npmjs.org/rollup/-/rollup-4.21.2.tgz",
      "integrity": "sha512-123456789==",
      "dev": true,
      "hasBin": true,
      "engines": {
        "node": ">=18.0.0",
        "npm": ">=8.0.0"
      }
    },
    "node_modules/scheduler": {
      "version": "0.23.2",
      "resolved": "https://registry.npmjs.org/scheduler/-/scheduler-0.23.2.tgz",
      "integrity": "sha512-123456789==",
      "dependencies": {
        "loose-envify": "^1.1.0"
      }
    },
    "node_modules/vite": {
      "version": "5.4.2",
      "resolved": "https://registry.npmjs.org/vite/-/vite-5.4.2.tgz",
      "integrity": "sha512-123456789==",
      "dev": true,
      "hasBin": true,
      "engines": {
        "node": "^18.0.0 || >=20.0.0"
      }
    }
  }
}
